{
    "_meta": {
        "hash": {
            "sha256": "c1c67cb5541ac03e175d032606eafcffa42ebd5bdcc0a744128d52dd937aeafd"
        },
        "pipfile-spec": 6,
        "requires": {
            "python_version": "3.7"
        },
        "sources": [
            {
                "name": "pypi",
                "url": "https://pypi.org/simple",
                "verify_ssl": true
            }
        ]
    },
    "default": {
        "aniso8601": {
            "hashes": [
                "sha256:513d2b6637b7853806ae79ffaca6f3e8754bdd547048f5ccc1420aec4b714f1e",
                "sha256:d10a4bf949f619f719b227ef5386e31f49a2b6d453004b21f02661ccc8670c7b"
            ],
            "version": "==7.0.0"
        },
        "certifi": {
            "hashes": [
                "sha256:35824b4c3a97115964b408844d64aa14db1cc518f6562e8d7261699d1350a9e3",
                "sha256:4ad3232f5e926d6718ec31cfc1fcadfde020920e278684144551c91769c7bc18"
            ],
            "markers": "python_version >= '3.6'",
            "version": "==2022.12.7"
        },
        "chardet": {
            "hashes": [
                "sha256:84ab92ed1c4d4f16916e05906b6b75a6c0fb5db821cc65e70cbd64a3e2a5eaae",
                "sha256:fc323ffcaeaed0e0a02bf4d117757b98aed530d9ed4531e3e15460124c106691"
            ],
            "version": "==3.0.4"
        },
        "click": {
            "hashes": [
                "sha256:7682dc8afb30297001674575ea00d1814d808d6a36af415a82bd481d37ba7b8e",
                "sha256:bb4d8133cb15a609f44e8213d9b391b0809795062913b383c62be0ee95b1db48"
            ],
            "markers": "python_version >= '3.7'",
            "version": "==8.1.3"
        },
        "cssselect": {
            "hashes": [
                "sha256:f612ee47b749c877ebae5bb77035d8f4202c6ad0f0fc1271b3c18ad6c4468ecf",
                "sha256:f95f8dedd925fd8f54edb3d2dfb44c190d9d18512377d3c1e2388d16126879bc"
            ],
            "index": "pypi",
            "version": "==1.1.0"
        },
        "dnspython": {
            "hashes": [
                "sha256:36c5e8e38d4369a08b6780b7f27d790a292b2b08eea01607865bf0936c558e01",
                "sha256:f69c21288a962f4da86e56c4905b49d11aba7938d3d740e80d9e366ee4f1632d"
            ],
            "index": "pypi",
            "version": "==1.16.0"
        },
        "flask": {
            "hashes": [
                "sha256:4efa1ae2d7c9865af48986de8aeb8504bf32c7f3d6fdc9353d34b21f4b127060",
                "sha256:8a4fdd8936eba2512e9c85df320a37e694c93945b33ef33c89946a340a238557"
            ],
            "index": "pypi",
            "version": "==1.1.2"
        },
        "flask-graphql": {
            "hashes": [
                "sha256:825578c044df436cd74503a38bbd31c919a90acda5e9b6e0e45736964bc5235d"
            ],
            "index": "pypi",
            "version": "==2.0.1"
        },
        "graphene": {
            "hashes": [
                "sha256:09165f03e1591b76bf57b133482db9be6dac72c74b0a628d3c93182af9c5a896",
                "sha256:2cbe6d4ef15cfc7b7805e0760a0e5b80747161ce1b0f990dfdc0d2cf497c12f9"
            ],
            "index": "pypi",
            "version": "==2.1.8"
        },
        "graphene-mongo": {
            "hashes": [
                "sha256:cd56a38289775236f58d775860497e3d6bdcf3dc7631d41a35eeade7b21f35ee"
            ],
            "index": "pypi",
            "version": "==0.2.12"
        },
        "graphql-core": {
            "hashes": [
                "sha256:44c9bac4514e5e30c5a595fac8e3c76c1975cae14db215e8174c7fe995825bad",
                "sha256:aac46a9ac524c9855910c14c48fc5d60474def7f99fd10245e76608eba7af746"
            ],
            "version": "==2.3.2"
        },
        "graphql-relay": {
            "hashes": [
                "sha256:870b6b5304123a38a0b215a79eace021acce5a466bf40cd39fa18cb8528afabb",
                "sha256:ac514cb86db9a43014d7e73511d521137ac12cf0101b2eaa5f0a3da2e10d913d"
            ],
            "version": "==2.0.1"
        },
        "graphql-server-core": {
            "hashes": [
                "sha256:04ee90da0322949f7b49ff6905688e3a21a9efbd5a7d7835997e431a0afdbd11"
            ],
            "version": "==1.2.0"
        },
        "idna": {
            "hashes": [
                "sha256:b307872f855b18632ce0c21c5e45be78c0ea7ae4c15c828c20788b26921eb3f6",
                "sha256:b97d804b1e9b523befed77c48dacec60e6dcb0b5391d57af6a65a312a90648c0"
            ],
            "markers": "python_version >= '2.7' and python_version not in '3.0, 3.1, 3.2, 3.3'",
            "version": "==2.10"
        },
        "importlib-metadata": {
            "hashes": [
                "sha256:7efb448ec9a5e313a57655d35aa54cd3e01b7e1fbcf72dce1bf06119420f5bad",
                "sha256:e354bedeb60efa6affdcc8ae121b73544a7aa74156d047311948f6d711cd378d"
            ],
            "markers": "python_version < '3.8'",
            "version": "==6.0.0"
        },
        "iso8601": {
            "hashes": [
                "sha256:32811e7b81deee2063ea6d2e94f8819a86d1f3811e49d23623a41fa832bef03f",
                "sha256:8400e90141bf792bce2634df533dc57e3bee19ea120a87bebcd3da89a58ad73f"
            ],
            "markers": "python_version < '4.0' and python_full_version >= '3.6.2'",
            "version": "==1.1.0"
        },
        "itsdangerous": {
            "hashes": [
                "sha256:2c2349112351b88699d8d4b6b075022c0808887cb7ad10069318a8b0bc88db44",
                "sha256:5dbbc68b317e5e42f327f9021763545dc3fc3bfe22e6deb96aaf1fc38874156a"
            ],
            "markers": "python_version >= '3.7'",
            "version": "==2.1.2"
        },
        "jinja2": {
            "hashes": [
                "sha256:31351a702a408a9e7595a8fc6150fc3f43bb6bf7e319770cbc0db9df9437e852",
                "sha256:6088930bfe239f0e6710546ab9c19c9ef35e29792895fed6e6e31a023a182a61"
            ],
            "markers": "python_version >= '3.7'",
            "version": "==3.1.2"
        },
        "jsonpath": {
            "hashes": [
                "sha256:46d3fd2016cd5b842283d547877a02c418a0fe9aa7a6b0ae344115a2c990fef4"
            ],
            "index": "pypi",
            "version": "==0.82"
        },
        "lxml": {
            "hashes": [
                "sha256:04da965dfebb5dac2619cb90fcf93efdb35b3c6994fea58a157a834f2f94b318",
                "sha256:0538747a9d7827ce3e16a8fdd201a99e661c7dee3c96c885d8ecba3c35d1032c",
                "sha256:0645e934e940107e2fdbe7c5b6fb8ec6232444260752598bc4d09511bd056c0b",
                "sha256:079b68f197c796e42aa80b1f739f058dcee796dc725cc9a1be0cdb08fc45b000",
                "sha256:0f3f0059891d3254c7b5fb935330d6db38d6519ecd238ca4fce93c234b4a0f73",
                "sha256:10d2017f9150248563bb579cd0d07c61c58da85c922b780060dcc9a3aa9f432d",
                "sha256:1355755b62c28950f9ce123c7a41460ed9743c699905cbe664a5bcc5c9c7c7fb",
                "sha256:13c90064b224e10c14dcdf8086688d3f0e612db53766e7478d7754703295c7c8",
                "sha256:1423631e3d51008871299525b541413c9b6c6423593e89f9c4cfbe8460afc0a2",
                "sha256:1436cf0063bba7888e43f1ba8d58824f085410ea2025befe81150aceb123e345",
                "sha256:1a7c59c6ffd6ef5db362b798f350e24ab2cfa5700d53ac6681918f314a4d3b94",
                "sha256:1e1cf47774373777936c5aabad489fef7b1c087dcd1f426b621fda9dcc12994e",
                "sha256:206a51077773c6c5d2ce1991327cda719063a47adc02bd703c56a662cdb6c58b",
                "sha256:21fb3d24ab430fc538a96e9fbb9b150029914805d551deeac7d7822f64631dfc",
                "sha256:27e590352c76156f50f538dbcebd1925317a0f70540f7dc8c97d2931c595783a",
                "sha256:287605bede6bd36e930577c5925fcea17cb30453d96a7b4c63c14a257118dbb9",
                "sha256:2aaf6a0a6465d39b5ca69688fce82d20088c1838534982996ec46633dc7ad6cc",
                "sha256:32a73c53783becdb7eaf75a2a1525ea8e49379fb7248c3eeefb9412123536387",
                "sha256:41fb58868b816c202e8881fd0f179a4644ce6e7cbbb248ef0283a34b73ec73bb",
                "sha256:4780677767dd52b99f0af1f123bc2c22873d30b474aa0e2fc3fe5e02217687c7",
                "sha256:4878e667ebabe9b65e785ac8da4d48886fe81193a84bbe49f12acff8f7a383a4",
                "sha256:487c8e61d7acc50b8be82bda8c8d21d20e133c3cbf41bd8ad7eb1aaeb3f07c97",
                "sha256:4beea0f31491bc086991b97517b9683e5cfb369205dac0148ef685ac12a20a67",
                "sha256:4cfbe42c686f33944e12f45a27d25a492cc0e43e1dc1da5d6a87cbcaf2e95627",
                "sha256:4d5bae0a37af799207140652a700f21a85946f107a199bcb06720b13a4f1f0b7",
                "sha256:4e285b5f2bf321fc0857b491b5028c5f276ec0c873b985d58d7748ece1d770dd",
                "sha256:57e4d637258703d14171b54203fd6822fda218c6c2658a7d30816b10995f29f3",
                "sha256:5974895115737a74a00b321e339b9c3f45c20275d226398ae79ac008d908bff7",
                "sha256:5ef87fca280fb15342726bd5f980f6faf8b84a5287fcc2d4962ea8af88b35130",
                "sha256:603a464c2e67d8a546ddaa206d98e3246e5db05594b97db844c2f0a1af37cf5b",
                "sha256:6653071f4f9bac46fbc30f3c7838b0e9063ee335908c5d61fb7a4a86c8fd2036",
                "sha256:6ca2264f341dd81e41f3fffecec6e446aa2121e0b8d026fb5130e02de1402785",
                "sha256:6d279033bf614953c3fc4a0aa9ac33a21e8044ca72d4fa8b9273fe75359d5cca",
                "sha256:6d949f53ad4fc7cf02c44d6678e7ff05ec5f5552b235b9e136bd52e9bf730b91",
                "sha256:6daa662aba22ef3258934105be2dd9afa5bb45748f4f702a3b39a5bf53a1f4dc",
                "sha256:6eafc048ea3f1b3c136c71a86db393be36b5b3d9c87b1c25204e7d397cee9536",
                "sha256:830c88747dce8a3e7525defa68afd742b4580df6aa2fdd6f0855481e3994d391",
                "sha256:86e92728ef3fc842c50a5cb1d5ba2bc66db7da08a7af53fb3da79e202d1b2cd3",
                "sha256:8caf4d16b31961e964c62194ea3e26a0e9561cdf72eecb1781458b67ec83423d",
                "sha256:8d1a92d8e90b286d491e5626af53afef2ba04da33e82e30744795c71880eaa21",
                "sha256:8f0a4d179c9a941eb80c3a63cdb495e539e064f8054230844dcf2fcb812b71d3",
                "sha256:9232b09f5efee6a495a99ae6824881940d6447debe272ea400c02e3b68aad85d",
                "sha256:927a9dd016d6033bc12e0bf5dee1dde140235fc8d0d51099353c76081c03dc29",
                "sha256:93e414e3206779ef41e5ff2448067213febf260ba747fc65389a3ddaa3fb8715",
                "sha256:98cafc618614d72b02185ac583c6f7796202062c41d2eeecdf07820bad3295ed",
                "sha256:9c3a88d20e4fe4a2a4a84bf439a5ac9c9aba400b85244c63a1ab7088f85d9d25",
                "sha256:9f36de4cd0c262dd9927886cc2305aa3f2210db437aa4fed3fb4940b8bf4592c",
                "sha256:a60f90bba4c37962cbf210f0188ecca87daafdf60271f4c6948606e4dabf8785",
                "sha256:a614e4afed58c14254e67862456d212c4dcceebab2eaa44d627c2ca04bf86837",
                "sha256:ae06c1e4bc60ee076292e582a7512f304abdf6c70db59b56745cca1684f875a4",
                "sha256:b122a188cd292c4d2fcd78d04f863b789ef43aa129b233d7c9004de08693728b",
                "sha256:b570da8cd0012f4af9fa76a5635cd31f707473e65a5a335b186069d5c7121ff2",
                "sha256:bcaa1c495ce623966d9fc8a187da80082334236a2a1c7e141763ffaf7a405067",
                "sha256:bd34f6d1810d9354dc7e35158aa6cc33456be7706df4420819af6ed966e85448",
                "sha256:be9eb06489bc975c38706902cbc6888f39e946b81383abc2838d186f0e8b6a9d",
                "sha256:c4b2e0559b68455c085fb0f6178e9752c4be3bba104d6e881eb5573b399d1eb2",
                "sha256:c62e8dd9754b7debda0c5ba59d34509c4688f853588d75b53c3791983faa96fc",
                "sha256:c852b1530083a620cb0de5f3cd6826f19862bafeaf77586f1aef326e49d95f0c",
                "sha256:d9fc0bf3ff86c17348dfc5d322f627d78273eba545db865c3cd14b3f19e57fa5",
                "sha256:dad7b164905d3e534883281c050180afcf1e230c3d4a54e8038aa5cfcf312b84",
                "sha256:e5f66bdf0976ec667fc4594d2812a00b07ed14d1b44259d19a41ae3fff99f2b8",
                "sha256:e8f0c9d65da595cfe91713bc1222af9ecabd37971762cb830dea2fc3b3bb2acf",
                "sha256:edffbe3c510d8f4bf8640e02ca019e48a9b72357318383ca60e3330c23aaffc7",
                "sha256:eea5d6443b093e1545ad0210e6cf27f920482bfcf5c77cdc8596aec73523bb7e",
                "sha256:ef72013e20dd5ba86a8ae1aed7f56f31d3374189aa8b433e7b12ad182c0d2dfb",
                "sha256:f05251bbc2145349b8d0b77c0d4e5f3b228418807b1ee27cefb11f69ed3d233b",
                "sha256:f1be258c4d3dc609e654a1dc59d37b17d7fef05df912c01fc2e15eb43a9735f3",
                "sha256:f9ced82717c7ec65a67667bb05865ffe38af0e835cdd78728f1209c8fffe0cad",
                "sha256:fe17d10b97fdf58155f858606bddb4e037b805a60ae023c009f760d8361a4eb8",
                "sha256:fe749b052bb7233fe5d072fcb549221a8cb1a16725c47c37e42b0b9cb3ff2c3f"
            ],
            "index": "pypi",
            "version": "==4.9.1"
        },
        "markupsafe": {
            "hashes": [
                "sha256:0576fe974b40a400449768941d5d0858cc624e3249dfd1e0c33674e5c7ca7aed",
                "sha256:085fd3201e7b12809f9e6e9bc1e5c96a368c8523fad5afb02afe3c051ae4afcc",
                "sha256:090376d812fb6ac5f171e5938e82e7f2d7adc2b629101cec0db8b267815c85e2",
                "sha256:0b462104ba25f1ac006fdab8b6a01ebbfbce9ed37fd37fd4acd70c67c973e460",
                "sha256:137678c63c977754abe9086a3ec011e8fd985ab90631145dfb9294ad09c102a7",
                "sha256:1bea30e9bf331f3fef67e0a3877b2288593c98a21ccb2cf29b74c581a4eb3af0",
                "sha256:22152d00bf4a9c7c83960521fc558f55a1adbc0631fbb00a9471e097b19d72e1",
                "sha256:22731d79ed2eb25059ae3df1dfc9cb1546691cc41f4e3130fe6bfbc3ecbbecfa",
                "sha256:2298c859cfc5463f1b64bd55cb3e602528db6fa0f3cfd568d3605c50678f8f03",
                "sha256:28057e985dace2f478e042eaa15606c7efccb700797660629da387eb289b9323",
                "sha256:2e7821bffe00aa6bd07a23913b7f4e01328c3d5cc0b40b36c0bd81d362faeb65",
                "sha256:2ec4f2d48ae59bbb9d1f9d7efb9236ab81429a764dedca114f5fdabbc3788013",
                "sha256:340bea174e9761308703ae988e982005aedf427de816d1afe98147668cc03036",
                "sha256:40627dcf047dadb22cd25ea7ecfe9cbf3bbbad0482ee5920b582f3809c97654f",
                "sha256:40dfd3fefbef579ee058f139733ac336312663c6706d1163b82b3003fb1925c4",
                "sha256:4cf06cdc1dda95223e9d2d3c58d3b178aa5dacb35ee7e3bbac10e4e1faacb419",
                "sha256:50c42830a633fa0cf9e7d27664637532791bfc31c731a87b202d2d8ac40c3ea2",
                "sha256:55f44b440d491028addb3b88f72207d71eeebfb7b5dbf0643f7c023ae1fba619",
                "sha256:608e7073dfa9e38a85d38474c082d4281f4ce276ac0010224eaba11e929dd53a",
                "sha256:63ba06c9941e46fa389d389644e2d8225e0e3e5ebcc4ff1ea8506dce646f8c8a",
                "sha256:65608c35bfb8a76763f37036547f7adfd09270fbdbf96608be2bead319728fcd",
                "sha256:665a36ae6f8f20a4676b53224e33d456a6f5a72657d9c83c2aa00765072f31f7",
                "sha256:6d6607f98fcf17e534162f0709aaad3ab7a96032723d8ac8750ffe17ae5a0666",
                "sha256:7313ce6a199651c4ed9d7e4cfb4aa56fe923b1adf9af3b420ee14e6d9a73df65",
                "sha256:7668b52e102d0ed87cb082380a7e2e1e78737ddecdde129acadb0eccc5423859",
                "sha256:7df70907e00c970c60b9ef2938d894a9381f38e6b9db73c5be35e59d92e06625",
                "sha256:7e007132af78ea9df29495dbf7b5824cb71648d7133cf7848a2a5dd00d36f9ff",
                "sha256:835fb5e38fd89328e9c81067fd642b3593c33e1e17e2fdbf77f5676abb14a156",
                "sha256:8bca7e26c1dd751236cfb0c6c72d4ad61d986e9a41bbf76cb445f69488b2a2bd",
                "sha256:8db032bf0ce9022a8e41a22598eefc802314e81b879ae093f36ce9ddf39ab1ba",
                "sha256:99625a92da8229df6d44335e6fcc558a5037dd0a760e11d84be2260e6f37002f",
                "sha256:9cad97ab29dfc3f0249b483412c85c8ef4766d96cdf9dcf5a1e3caa3f3661cf1",
                "sha256:a4abaec6ca3ad8660690236d11bfe28dfd707778e2442b45addd2f086d6ef094",
                "sha256:a6e40afa7f45939ca356f348c8e23048e02cb109ced1eb8420961b2f40fb373a",
                "sha256:a6f2fcca746e8d5910e18782f976489939d54a91f9411c32051b4aab2bd7c513",
                "sha256:a806db027852538d2ad7555b203300173dd1b77ba116de92da9afbc3a3be3eed",
                "sha256:abcabc8c2b26036d62d4c746381a6f7cf60aafcc653198ad678306986b09450d",
                "sha256:b8526c6d437855442cdd3d87eede9c425c4445ea011ca38d937db299382e6fa3",
                "sha256:bb06feb762bade6bf3c8b844462274db0c76acc95c52abe8dbed28ae3d44a147",
                "sha256:c0a33bc9f02c2b17c3ea382f91b4db0e6cde90b63b296422a939886a7a80de1c",
                "sha256:c4a549890a45f57f1ebf99c067a4ad0cb423a05544accaf2b065246827ed9603",
                "sha256:ca244fa73f50a800cf8c3ebf7fd93149ec37f5cb9596aa8873ae2c1d23498601",
                "sha256:cf877ab4ed6e302ec1d04952ca358b381a882fbd9d1b07cccbfd61783561f98a",
                "sha256:d9d971ec1e79906046aa3ca266de79eac42f1dbf3612a05dc9368125952bd1a1",
                "sha256:da25303d91526aac3672ee6d49a2f3db2d9502a4a60b55519feb1a4c7714e07d",
                "sha256:e55e40ff0cc8cc5c07996915ad367fa47da6b3fc091fdadca7f5403239c5fec3",
                "sha256:f03a532d7dee1bed20bc4884194a16160a2de9ffc6354b3878ec9682bb623c54",
                "sha256:f1cd098434e83e656abf198f103a8207a8187c0fc110306691a2e94a78d0abb2",
                "sha256:f2bfb563d0211ce16b63c7cb9395d2c682a23187f54c3d79bfec33e6705473c6",
                "sha256:f8ffb705ffcf5ddd0e80b65ddf7bed7ee4f5a441ea7d3419e861a12eaf41af58"
            ],
            "markers": "python_version >= '3.7'",
            "version": "==2.1.2"
        },
        "mongoengine": {
            "hashes": [
                "sha256:6e127f45f71c2bc5e72461ec297a0c20f04c3ee0bf6dd869e336226e325db6ef",
                "sha256:db9e5d587e5d74e52851e0e4a53fd744725bfa9918ae6070139f5ba9c62c6edf"
            ],
            "index": "pypi",
            "version": "==0.20.0"
        },
        "numpy": {
            "hashes": [
                "sha256:1dbe1c91269f880e364526649a52eff93ac30035507ae980d2fed33aaee633ac",
                "sha256:357768c2e4451ac241465157a3e929b265dfac85d9214074985b1786244f2ef3",
                "sha256:3820724272f9913b597ccd13a467cc492a0da6b05df26ea09e78b171a0bb9da6",
                "sha256:4391bd07606be175aafd267ef9bea87cf1b8210c787666ce82073b05f202add1",
                "sha256:4aa48afdce4660b0076a00d80afa54e8a97cd49f457d68a4342d188a09451c1a",
                "sha256:58459d3bad03343ac4b1b42ed14d571b8743dc80ccbf27444f266729df1d6f5b",
                "sha256:5c3c8def4230e1b959671eb959083661b4a0d2e9af93ee339c7dada6759a9470",
                "sha256:5f30427731561ce75d7048ac254dbe47a2ba576229250fb60f0fb74db96501a1",
                "sha256:643843bcc1c50526b3a71cd2ee561cf0d8773f062c8cbaf9ffac9fdf573f83ab",
                "sha256:67c261d6c0a9981820c3a149d255a76918278a6b03b6a036800359aba1256d46",
                "sha256:67f21981ba2f9d7ba9ade60c9e8cbaa8cf8e9ae51673934480e45cf55e953673",
                "sha256:6aaf96c7f8cebc220cdfc03f1d5a31952f027dda050e5a703a0d1c396075e3e7",
                "sha256:7c4068a8c44014b2d55f3c3f574c376b2494ca9cc73d2f1bd692382b6dffe3db",
                "sha256:7c7e5fa88d9ff656e067876e4736379cc962d185d5cd808014a8a928d529ef4e",
                "sha256:7f5ae4f304257569ef3b948810816bc87c9146e8c446053539947eedeaa32786",
                "sha256:82691fda7c3f77c90e62da69ae60b5ac08e87e775b09813559f8901a88266552",
                "sha256:8737609c3bbdd48e380d463134a35ffad3b22dc56295eff6f79fd85bd0eeeb25",
                "sha256:9f411b2c3f3d76bba0865b35a425157c5dcf54937f82bbeb3d3c180789dd66a6",
                "sha256:a6be4cb0ef3b8c9250c19cc122267263093eee7edd4e3fa75395dfda8c17a8e2",
                "sha256:bcb238c9c96c00d3085b264e5c1a1207672577b93fa666c3b14a45240b14123a",
                "sha256:bf2ec4b75d0e9356edea834d1de42b31fe11f726a81dfb2c2112bc1eaa508fcf",
                "sha256:d136337ae3cc69aa5e447e78d8e1514be8c3ec9b54264e680cf0b4bd9011574f",
                "sha256:d4bf4d43077db55589ffc9009c0ba0a94fa4908b9586d6ccce2e0b164c86303c",
                "sha256:d6a96eef20f639e6a97d23e57dd0c1b1069a7b4fd7027482a4c5c451cd7732f4",
                "sha256:d9caa9d5e682102453d96a0ee10c7241b72859b01a941a397fd965f23b3e016b",
                "sha256:dd1c8f6bd65d07d3810b90d02eba7997e32abbdf1277a481d698969e921a3be0",
                "sha256:e31f0bb5928b793169b87e3d1e070f2342b22d5245c755e2b81caa29756246c3",
                "sha256:ecb55251139706669fdec2ff073c98ef8e9a84473e51e716211b41aa0f18e656",
                "sha256:ee5ec40fdd06d62fe5d4084bef4fd50fd4bb6bfd2bf519365f569dc470163ab0",
                "sha256:f17e562de9edf691a42ddb1eb4a5541c20dd3f9e65b09ded2beb0799c0cf29bb",
                "sha256:fdffbfb6832cd0b300995a2b08b8f6fa9f6e856d562800fea9182316d99c4e8e"
            ],
            "markers": "python_version < '3.11' and python_version >= '3.7'",
            "version": "==1.21.6"
        },
        "pandas": {
            "hashes": [
                "sha256:07c1b58936b80eafdfe694ce964ac21567b80a48d972879a359b3ebb2ea76835",
                "sha256:0ebe327fb088df4d06145227a4aa0998e4f80a9e6aed4b61c1f303bdfdf7c722",
                "sha256:11c7cb654cd3a0e9c54d81761b5920cdc86b373510d829461d8f2ed6d5905266",
                "sha256:12f492dd840e9db1688126216706aa2d1fcd3f4df68a195f9479272d50054645",
                "sha256:167a1315367cea6ec6a5e11e791d9604f8e03f95b57ad227409de35cf850c9c5",
                "sha256:1a7c56f1df8d5ad8571fa251b864231f26b47b59cbe41aa5c0983d17dbb7a8e4",
                "sha256:1fa4bae1a6784aa550a1c9e168422798104a85bf9c77a1063ea77ee6f8452e3a",
                "sha256:32f42e322fb903d0e189a4c10b75ba70d90958cc4f66a1781ed027f1a1d14586",
                "sha256:387dc7b3c0424327fe3218f81e05fc27832772a5dffbed385013161be58df90b",
                "sha256:6597df07ea361231e60c00692d8a8099b519ed741c04e65821e632bc9ccb924c",
                "sha256:743bba36e99d4440403beb45a6f4f3a667c090c00394c176092b0b910666189b",
                "sha256:858a0d890d957ae62338624e4aeaf1de436dba2c2c0772570a686eaca8b4fc85",
                "sha256:863c3e4b7ae550749a0bb77fa22e601a36df9d2905afef34a6965bed092ba9e5",
                "sha256:a210c91a02ec5ff05617a298ad6f137b9f6f5771bf31f2d6b6367d7f71486639",
                "sha256:ca84a44cf727f211752e91eab2d1c6c1ab0f0540d5636a8382a3af428542826e",
                "sha256:d234bcf669e8b4d6cbcd99e3ce7a8918414520aeb113e2a81aeb02d0a533d7f7"
            ],
            "index": "pypi",
            "version": "==1.0.3"
        },
        "promise": {
            "hashes": [
                "sha256:dfd18337c523ba4b6a58801c164c1904a9d4d1b1747c7d5dbf45b693a49d93d0"
            ],
            "version": "==2.3"
        },
        "pymongo": {
            "hashes": [
                "sha256:028175dd8d2979a889153a2308e8e500b3df7d9e3fd1c33ca7fdeadf61cc87a2",
                "sha256:02f0e1a75d3bc0e16c7e15daf9c56185642be055e425f3b34888fc6eb1b22401",
                "sha256:0665412dce26b2318092a33bd2d2327d487c4490cfcde158d6946d39b1e28d78",
                "sha256:09b9d0f5a445c7e0ddcc021b09835aa6556f0166afc498f57dfdd72cdf6f02ad",
                "sha256:09de3bfc995ae8cb955abb0c9ae963c134dba1b5622be3bcc527b89b0fd4091c",
                "sha256:0e5536994cf2d8488c6fd9dea71df3c4dbb3e0d2ba5e695da06d9142a29a0969",
                "sha256:0f2c5a5984599a88d087a15859860579b825098b473d8c843f1979a83d159f2e",
                "sha256:1037097708498bdc85f23c8798a5c46c7bce432d77d23608ff14e0d831f1a971",
                "sha256:10f0fddc1d63ba3d4a4bffcc7720184c1b7efd570726ad5e2f55818da320239f",
                "sha256:12721d926d43d33dd3318e58dce9b0250e8a9c6e1093fa8e09f4805193ff4b43",
                "sha256:1410faa51ce835cc1234c99ec42e98ab4f3c6f50d92d86a2d4f6e11c97ee7a4e",
                "sha256:16e74b9c2aca2734c7f49f00fe68d6830a30d26df60e2ace7fe40ccb92087b94",
                "sha256:172db03182a22e9002157b262c1ea3b0045c73d4ff465adc152ce5b4b0e7b8d4",
                "sha256:174fd1000e896d0dfbc7f6d7e6a1992a4868796c7dec31679e38218c78d6a942",
                "sha256:1c2c5e2b00e2fadcd590c0b2e293d71215e98ed1cb635cfca2be4998d197e534",
                "sha256:1c9d23f62a3fa7523d849c4942acc0d9ff7081ebc00c808ee7cfdc070df0687f",
                "sha256:21e61a536ffed84d10376c21c13a6ed1ebefb61989a844952547c229d6aeedf3",
                "sha256:222591b828de10ac90064047b5d4916953f38c38b155009c4b8b5e0d33117c2b",
                "sha256:2406df90b2335371706c59b7d79e9633b81ed2a7ecd48c1faf8584552bdf2d90",
                "sha256:24e954be35ad4537840f20bbc8d75320ae647d3cb4fab12cb8fcd2d55f408e76",
                "sha256:26f9cc42a162faa241c82e117ac85734ae9f14343dc2df1c90c6b2181f791b22",
                "sha256:28565e3dbd69fe5fe35a210067064dbb6ed5abe997079f653c19c873c3896fe6",
                "sha256:2943d739715f265a2983ac43747595b6af3312d0a370614040959fd293763adf",
                "sha256:2bfc39276c0e6d07c95bd1088b5003f049e986e089509f7dbd68bb7a4b1e65ac",
                "sha256:2dae3b353a10c3767e0aa1c1492f2af388f1012b08117695ab3fd1f219e5814e",
                "sha256:2e0854170813238f0c3131050c67cb1fb1ade75c93bf6cd156c1bd9a16095528",
                "sha256:30245a8747dc90019a3c9ad9df987e0280a3ea632ad36227cde7d1d8dcba0830",
                "sha256:30ed2788a6ec68743e2040ab1d16573d7d9f6e7333e45070ce9268cbc93d148c",
                "sha256:32eac95bbb030b2376ffd897376c6f870222a3457f01a9ce466b9057876132f8",
                "sha256:34cd48df7e1fc69222f296d8f69e3957eb7c6b5aa0709d3467184880ed7538c0",
                "sha256:34dbf5fecf653c152edb75a35a8b15dfdc4549473484ee768aeb12c97983cead",
                "sha256:398fb86d374dc351a4abc2e24cd15e5e14b2127f6d90ce0df3fdf2adcc55ac1b",
                "sha256:3ad3a3df830f7df7e0856c2bdb54d19f5bf188bd7420985e18643b8e4d2a075f",
                "sha256:3b261d593f2563299062733ae003a925420a86ff4ddda68a69097d67204e43f3",
                "sha256:3c5cb6c93c94df76a879bad4b89db0104b01806d17c2b803c1316ba50962b6d6",
                "sha256:3cfc9bc1e8b5667bc1f3dbe46d2f85b3f24ff7533893bdc1203058012db2c046",
                "sha256:4092b660ec720d44d3ca81074280dc25c7a3718df1b6c0fe9fe36ac6ed2833e4",
                "sha256:42ba8606492d76e6f9e4c7a458ed4bc712603be393259a52450345f0945da2cf",
                "sha256:4a32f3dfcca4a4816373bdb6256c18c78974ebb3430e7da988516cd95b2bd6e4",
                "sha256:4a82a1c10f5608e6494913faa169e213d703194bfca0aa710901f303be212414",
                "sha256:4bbc0d27dfef7689285e54f2e0a224f0c7cd9d5c46d2638fabad5500b951c92f",
                "sha256:4d9ed67c987bf9ac2ac684590ba3d2599cdfb0f331ee3db607f9684469b3b59d",
                "sha256:4f6dd55dab77adf60b445c11f426ee5cdfa1b86f6d54cb937bfcbf09572333ab",
                "sha256:50a81b2d9f188c7909e0a1084fa969bb92a788076809c437ac1ae80393f46df9",
                "sha256:50b99f4d3eee6f03778fe841d6f470e6c18e744dc665156da6da3bc6e65b398d",
                "sha256:5136ebe8da6a1604998a8eb96be55935aa5f7129c41cc7bddc400d48e8df43be",
                "sha256:570ae3365b23d4fd8c669cb57613b1a90b2757e993588d3370ef90945dbeec4b",
                "sha256:5831a377d15a626fbec10890ffebc4c6abcd37e4126737932cd780a171eabdc1",
                "sha256:59c98e86c5e861032b71e6e5b65f23e6afaacea6e82483b66f1191a5021a7b4f",
                "sha256:5bdeb71a610a7b801416268e500e716d0fe693fb10d809e17f0fb3dac5be5a34",
                "sha256:5c1db7d366004d6c699eb08c716a63ae0a3e946d061cbebea65d7ce361950265",
                "sha256:61660710b054ae52c8fc10368e91d74719eb05554b631d7f8ca93d21d2bff2e6",
                "sha256:644470442beaf969df99c4e00367a817eee05f0bba5d888f1ba6fe97b5e1c102",
                "sha256:64ed1a5ce5e5926727eb0f87c698c4d9a7a9f7b0953683a65e9ce2b7cc5f8e91",
                "sha256:65a063970e15a4f338f14b820561cf6cdaf2839691ac0adb2474ddff9d0b8b0b",
                "sha256:65b6fddf6a7b91da044f202771a38e71bbb9bf42720a406b26b25fe2256e7102",
                "sha256:6af0a4b17faf26779d5caee8542a4f2cba040cea27d3bffc476cbc6ccbd4c8ee",
                "sha256:70b67390e27e58876853efbb87e43c85252de2515e2887f7dd901b4fa3d21973",
                "sha256:7219b1a726ced3bacecabef9bd114529bbb69477901373e800d7d0140baadc95",
                "sha256:7593cb1214185a0c5b43b96effc51ce82ddc933298ee36db7dc2bd45d61b4adc",
                "sha256:776f90bf2252f90a4ae838e7917638894c6356bef7265f424592e2fd1f577d05",
                "sha256:79f777eaf3f5b2c6d81f9ef00d87837001d7063302503bbcbfdbf3e9bc27c96f",
                "sha256:7c7cab8155f430ca460a6fc7ae8a705b34f3e279a57adb5f900eb81943ec777c",
                "sha256:7cb987b199fa223ad78eebaa9fbc183d5a5944bfe568a9d6f617316ca1c1f32f",
                "sha256:7ec2bb598847569ae34292f580842d37619eea3e546005042f485e15710180d5",
                "sha256:80d8576b04d0824f63bf803190359c0d3bcb6e7fa63fefbd4bc0ceaa7faae38c",
                "sha256:851f2bb52b5cb2f4711171ca925e0e05344a8452972a748a8a8ffdda1e1d72a7",
                "sha256:8927f22ef6a16229da7f18944deac8605bdc2c0858be5184259f2f7ce7fd4459",
                "sha256:8ad0515abb132f52ce9d8abd1a29681a1e65dba7b7fe13ea01e1a8db5715bf80",
                "sha256:8cc37b437cba909bef06499dadd91a39c15c14225e8d8c7870020049f8a549fe",
                "sha256:93d4e9a02c17813b34e4bd9f6fbf07310c140c8f74341537c24d07c1cdeb24d1",
                "sha256:944249aa83dee314420c37d0f40c30a8f6dc4a3877566017b87062e53af449f4",
                "sha256:9b2ed9c3b30f11cd4a3fbfc22167af7987b01b444215c2463265153fe7cf66d6",
                "sha256:9c3d07ea19cd2856d9943dce37e75d69ecbb5baf93c3e4c82f73b6075c481292",
                "sha256:9f592b202d77923498b32ddc5b376e5fa9ba280d3e16ed56cb8c932fe6d6a478",
                "sha256:a149377d1ff766fd618500798d0d94637f66d0ae222bb6d28f41f3e15c626297",
                "sha256:a17b81f22398e3e0f72bdf938e98c810286994b2bcc0a125cd5ad8fd4ea54ad7",
                "sha256:a424bdedfd84454d2905a861e0d4bb947cc5bd024fdeb3600c1a97d2be0f4255",
                "sha256:a6cbb73d9fc2282677e2b7a137d13da987bd0b13abd88ed27bba5534c226db06",
                "sha256:a796ef39dadf9d73af05d24937644d386495e43a7d13617aa3651d836da542c8",
                "sha256:aa3bca8e76f5c00ed2bb4325e0e383a547d71595926d5275d7c88175aaf7435e",
                "sha256:b01ce58eec5edeededf1992d2dce63fb8565e437be12d6f139d75b15614c4d08",
                "sha256:b0746d0d4535f56bbaa63a8f6da362f330804d578e66e126b226eebe76c2bf00",
                "sha256:b1223b826acbef07a7f5eb9bf37247b0b580119916dca9eae19d92b1290f5855",
                "sha256:b5b733694e7df22d5c049581acfc487695a6ff813322318bed8dd66f79978636",
                "sha256:b6793baf4639c72a500698a49e9250b293e17ae1faf11ac1699d8141194786fe",
                "sha256:b96e0e9d2d48948240b510bac81614458fc10adcd3a93240c2fd96448b4efd35",
                "sha256:bc04c92d05c142889c26810a4842273deb42e66411273cab4ad09268fe69ba69",
                "sha256:bdd34c57b4da51a7961beb33645646d197e41f8517801dc76b37c1441e7a4e10",
                "sha256:c0379447587ee4b8f983ba183202496e86c0358f47c45612619d634d1fcd82bd",
                "sha256:c3b70ed82f20d18d22eafc9bda0ea656605071762f7d31f3c5afc35c59d3393b",
                "sha256:c7c45a8a1a752002b0a7c81ab3a4c5e3b6f67f9826b16fbe3943f5329f565f24",
                "sha256:c8f755ff1f4ab4ca790d1d6d3229006100b301475948021b6b2757822e0d6c97",
                "sha256:d1a19d6c5098f1f4e11430cd74621699453cbc534dd7ade9167e582f50814b19",
                "sha256:d1ee773fb72ba024e7e3bb6ea8907fe52bccafcb5184aaced6bad995bd30ea20",
                "sha256:d42eb29ba314adfd9c11234b4b646f61b0448bf9b00f14db4b317e6e4b947e77",
                "sha256:d593d50815771f517d3ac4367ff716e3f3c78edae51d98e1e25791459f8848ff",
                "sha256:d7910135f5de1c5c3578e61d6f4b087715b15e365f11d4fa51a9cee92988b2bd",
                "sha256:d7c91747ec8dde51440dd594603158cc98abb3f7df84b2ed8a836f138285e4fb",
                "sha256:db2e11507fe9cc2a722be21ccc62c1b1295398fe9724c1f14900cdc7166fc0d7",
                "sha256:db5b4f8ad8607a3d612da1d4c89a84e4cf5c88f98b46365820d9babe5884ba45",
                "sha256:e1956f3338c10308e2f99c2c9ff46ae412035cbcd7aaa76c39ccdb806854a247",
                "sha256:e22d6cf5802cd09b674c307cc9e03870b8c37c503ebec3d25b86f2ce8c535dc7",
                "sha256:e5161167b3840e9c84c80f2534ea6a099f51749d5673b662a3dd248be17c3208",
                "sha256:e5e87c0eb774561c546f979342a8ff36ebee153c60a0b6c6b03ba989ceb9538c",
                "sha256:e6f8191a282ef77e526f8f8f63753a437e4aa4bc78f5edd8b6b6ed0eaebd5363",
                "sha256:e8f6979664ff477cd61b06bf8aba206df7b2334209815ab3b1019931dab643d6",
                "sha256:ea8824ebc9a1a5c8269e8f1e3989b5a6bec876726e2f3c33ebd036cb488277f0",
                "sha256:f4175fcdddf764d371ee52ec4505a40facee2533e84abf2953cda86d050cfa1f",
                "sha256:fe8194f107f0fa3cabd14e9e809f174eca335993c1db72d1e74e0f496e7afe1f"
            ],
            "version": "==3.13.0"
        },
        "python-dateutil": {
            "hashes": [
                "sha256:0123cacc1627ae19ddf3c27a5de5bd67ee4586fbdd6440d9748f8abb483d3e86",
                "sha256:961d03dc3453ebbc59dbdea9e4e11c5651520a876d0f4db161e8674aae935da9"
            ],
            "markers": "python_version >= '2.7' and python_version not in '3.0, 3.1, 3.2, 3.3'",
            "version": "==2.8.2"
        },
        "pytz": {
            "hashes": [
                "sha256:01a0681c4b9684a28304615eba55d1ab31ae00bf68ec157ec3708a8182dbbcd0",
                "sha256:78f4f37d8198e0627c5f1143240bb0206b8691d8d7ac6d78fee88b78733f8c4a"
            ],
            "version": "==2022.7.1"
        },
        "regex": {
            "hashes": [
                "sha256:021a0ae4d2baeeb60a3014805a2096cb329bd6d9f30669b7ad0da51a9cb73349",
                "sha256:04d6e948ef34d3eac133bedc0098364a9e635a7914f050edb61272d2ddae3608",
                "sha256:099568b372bda492be09c4f291b398475587d49937c659824f891182df728cdf",
                "sha256:0ff50843535593ee93acab662663cb2f52af8e31c3f525f630f1dc6156247938",
                "sha256:1b17bf37c2aefc4cac8436971fe6ee52542ae4225cfc7762017f7e97a63ca998",
                "sha256:1e2255ae938a36e9bd7db3b93618796d90c07e5f64dd6a6750c55f51f8b76918",
                "sha256:2bc6a17a7fa8afd33c02d51b6f417fc271538990297167f68a98cae1c9e5c945",
                "sha256:3ab5e41c4ed7cd4fa426c50add2892eb0f04ae4e73162155cd668257d02259dd",
                "sha256:3b059e2476b327b9794c792c855aa05531a3f3044737e455d283c7539bd7534d",
                "sha256:4df91094ced6f53e71f695c909d9bad1cca8761d96fd9f23db12245b5521136e",
                "sha256:5493a02c1882d2acaaf17be81a3b65408ff541c922bfd002535c5f148aa29f74",
                "sha256:5b741ecc3ad3e463d2ba32dce512b412c319993c1bb3d999be49e6092a769fb2",
                "sha256:652ab4836cd5531d64a34403c00ada4077bb91112e8bcdae933e2eae232cf4a8",
                "sha256:669a8d46764a09f198f2e91fc0d5acdac8e6b620376757a04682846ae28879c4",
                "sha256:73a10404867b835f1b8a64253e4621908f0d71150eb4e97ab2e7e441b53e9451",
                "sha256:7ce4a213a96d6c25eeae2f7d60d4dad89ac2b8134ec3e69db9bc522e2c0f9388",
                "sha256:8127ca2bf9539d6a64d03686fd9e789e8c194fc19af49b69b081f8c7e6ecb1bc",
                "sha256:b5b5b2e95f761a88d4c93691716ce01dc55f288a153face1654f868a8034f494",
                "sha256:b7c9f65524ff06bf70c945cd8d8d1fd90853e27ccf86026af2afb4d9a63d06b1",
                "sha256:f7f2f4226db6acd1da228adf433c5c3792858474e49d80668ea82ac87cf74a03",
                "sha256:fa09da4af4e5b15c0e8b4986a083f3fd159302ea115a6cc0649cd163435538b8"
            ],
            "index": "pypi",
            "version": "==2020.5.7"
        },
        "requests": {
            "hashes": [
                "sha256:43999036bfa82904b6af1d99e4882b560e5e2c68e5c4b0aa03b655f3d7d73fee",
                "sha256:5d2d0ffbb515f39417009a46c14256291061ac01ba8f875b90cad137de83beb4",
                "sha256:b3f43d496c6daba4493e7c431722aeb7dbc6288f52a6e04e7b6023b0247817e6"
            ],
            "index": "pypi",
            "version": "==2.23.0"
        },
        "rx": {
            "hashes": [
                "sha256:ca71b65d0fc0603a3b5cfaa9e33f5ba81e4aae10a58491133595088d7734b2da"
            ],
            "version": "==1.6.3"
        },
        "singledispatch": {
            "hashes": [
                "sha256:b8f69397a454b45b91e2f949fcc87896c53718ca59aab6367966e8b3f010ec77",
                "sha256:f3c327a968651a7f4b03586eab7d90a07b05ff3ef7942d1967036eb9f75ab8fc"
            ],
            "markers": "python_version >= '3.7'",
            "version": "==4.0.0"
        },
        "six": {
            "hashes": [
                "sha256:1e61c37477a1626458e36f7b1d82aa5c9b094fa4802892072e49de9c60c4c926",
                "sha256:8abb2f1d86890a2dfb989f9a77cfcfd3e47c2a354b01111771326f8aa26e0254"
            ],
            "markers": "python_version >= '2.7' and python_version not in '3.0, 3.1, 3.2, 3.3'",
            "version": "==1.16.0"
        },
        "typing-extensions": {
            "hashes": [
                "sha256:5cb5f4a79139d699607b3ef622a1dedafa84e115ab0024e0d9c044a9479ca7cb",
                "sha256:fb33085c39dd998ac16d1431ebc293a8b3eedd00fd4a32de0ff79002c19511b4"
            ],
            "markers": "python_version < '3.8'",
            "version": "==4.5.0"
        },
        "urllib3": {
            "hashes": [
                "sha256:8d7eaa5a82a1cac232164990f04874c594c9453ec55eef02eab885aa02fc17a2",
                "sha256:f5321fbe4bf3fefa0efd0bfe7fb14e90909eb62a48ccda331726b4319897dd5e"
            ],
            "markers": "python_version >= '2.7' and python_version not in '3.0, 3.1, 3.2, 3.3, 3.4' and python_version < '4.0'",
            "version": "==1.25.11"
        },
        "werkzeug": {
            "hashes": [
                "sha256:2e1ccc9417d4da358b9de6f174e3ac094391ea1d4fbef2d667865d819dfd0afe",
                "sha256:56433961bc1f12533306c624f3be5e744389ac61d722175d543e1751285da612"
            ],
            "index": "pypi",
            "version": "==2.2.3"
        },
        "zipp": {
            "hashes": [
                "sha256:23f70e964bc11a34cef175bc90ba2914e1e4545ea1e3e2f67c079671883f9cb6",
                "sha256:e8b2a36ea17df80ffe9e2c4fda3f693c3dad6df1697d3cd3af232db680950b0b"
            ],
            "markers": "python_version >= '3.7'",
            "version": "==3.13.0"
        }
    },
    "develop": {}
}
